{
    "_readme": [
        "This file locks the dependencies of your project to a known state",
        "Read more about it at https://getcomposer.org/doc/01-basic-usage.md#composer-lock-the-lock-file",
        "This file is @generated automatically"
    ],
    "content-hash": "0f3788c7c8811d45567b3a15887e06a7",
    "packages": [
        {
            "name": "aws/aws-sdk-php",
            "version": "3.20.4",
            "source": {
                "type": "git",
                "url": "https://github.com/aws/aws-sdk-php.git",
                "reference": "4541d9e350644a5c70b298d42e526b65275fc804"
            },
            "dist": {
                "type": "zip",
                "url": "https://api.github.com/repos/aws/aws-sdk-php/zipball/4541d9e350644a5c70b298d42e526b65275fc804",
                "reference": "4541d9e350644a5c70b298d42e526b65275fc804",
                "shasum": ""
            },
            "require": {
                "guzzlehttp/guzzle": "^5.3.1|^6.2.1",
                "guzzlehttp/promises": "~1.0",
                "guzzlehttp/psr7": "~1.3.1",
                "mtdowling/jmespath.php": "~2.2",
                "php": ">=5.5"
            },
            "require-dev": {
                "andrewsville/php-token-reflection": "^1.4",
                "aws/aws-php-sns-message-validator": "~1.0",
                "behat/behat": "~3.0",
                "doctrine/cache": "~1.4",
                "ext-dom": "*",
                "ext-json": "*",
                "ext-openssl": "*",
                "ext-pcre": "*",
                "ext-simplexml": "*",
                "ext-spl": "*",
                "nette/neon": "^2.3",
                "phpunit/phpunit": "~4.0|~5.0",
                "psr/cache": "^1.0"
            },
            "suggest": {
                "aws/aws-php-sns-message-validator": "To validate incoming SNS notifications",
                "doctrine/cache": "To use the DoctrineCacheAdapter",
                "ext-curl": "To send requests using cURL",
                "ext-openssl": "Allows working with CloudFront private distributions and verifying received SNS messages"
            },
            "type": "library",
            "extra": {
                "branch-alias": {
                    "dev-master": "3.0-dev"
                }
            },
            "autoload": {
                "psr-4": {
                    "Aws\\": "src/"
                },
                "files": [
                    "src/functions.php"
                ]
            },
            "notification-url": "https://packagist.org/downloads/",
            "license": [
                "Apache-2.0"
            ],
            "authors": [
                {
                    "name": "Amazon Web Services",
                    "homepage": "http://aws.amazon.com"
                }
            ],
            "description": "AWS SDK for PHP - Use Amazon Web Services in your PHP project",
            "homepage": "http://aws.amazon.com/sdkforphp",
            "keywords": [
                "amazon",
                "aws",
                "cloud",
                "dynamodb",
                "ec2",
                "glacier",
                "s3",
                "sdk"
            ],
            "time": "2016-12-08T20:59:19+00:00"
        },
        {
            "name": "firebase/php-jwt",
            "version": "v4.0.0",
            "source": {
                "type": "git",
                "url": "https://github.com/firebase/php-jwt.git",
                "reference": "dccf163dc8ed7ed6a00afc06c51ee5186a428d35"
            },
            "dist": {
                "type": "zip",
                "url": "https://api.github.com/repos/firebase/php-jwt/zipball/dccf163dc8ed7ed6a00afc06c51ee5186a428d35",
                "reference": "dccf163dc8ed7ed6a00afc06c51ee5186a428d35",
                "shasum": ""
            },
            "require": {
                "php": ">=5.3.0"
            },
            "type": "library",
            "autoload": {
                "psr-4": {
                    "Firebase\\JWT\\": "src"
                }
            },
            "notification-url": "https://packagist.org/downloads/",
            "license": [
                "BSD-3-Clause"
            ],
            "authors": [
                {
                    "name": "Neuman Vong",
                    "email": "neuman+pear@twilio.com",
                    "role": "Developer"
                },
                {
                    "name": "Anant Narayanan",
                    "email": "anant@php.net",
                    "role": "Developer"
                }
            ],
            "description": "A simple library to encode and decode JSON Web Tokens (JWT) in PHP. Should conform to the current spec.",
            "homepage": "https://github.com/firebase/php-jwt",
            "time": "2016-07-18T04:51:16+00:00"
        },
        {
            "name": "google/apiclient",
            "version": "v2.1.0",
            "source": {
                "type": "git",
                "url": "https://github.com/google/google-api-php-client.git",
                "reference": "f4a8ef0642cdbea0a07f6966158337bab846d4de"
            },
            "dist": {
                "type": "zip",
                "url": "https://api.github.com/repos/google/google-api-php-client/zipball/f4a8ef0642cdbea0a07f6966158337bab846d4de",
                "reference": "f4a8ef0642cdbea0a07f6966158337bab846d4de",
                "shasum": ""
            },
            "require": {
                "firebase/php-jwt": "~2.0|~3.0|~4.0",
                "google/apiclient-services": "^0.8",
                "google/auth": "^0.11",
                "guzzlehttp/guzzle": "~5.2|~6.0",
                "guzzlehttp/psr7": "^1.2",
                "monolog/monolog": "^1.17",
                "php": ">=5.4",
                "phpseclib/phpseclib": "~2.0"
            },
            "require-dev": {
                "cache/filesystem-adapter": "^0.3.2",
                "phpunit/phpunit": "~4",
                "squizlabs/php_codesniffer": "~2.3",
                "symfony/css-selector": "~2.1",
                "symfony/dom-crawler": "~2.1"
            },
            "suggest": {
                "cache/filesystem-adapter": "For caching certs and tokens (using Google_Client::setCache)"
            },
            "type": "library",
            "extra": {
                "branch-alias": {
                    "dev-master": "2.x-dev"
                }
            },
            "autoload": {
                "psr-0": {
                    "Google_": "src/"
                },
                "classmap": [
                    "src/Google/Service/"
                ]
            },
            "notification-url": "https://packagist.org/downloads/",
            "license": [
                "Apache-2.0"
            ],
            "description": "Client library for Google APIs",
            "homepage": "http://developers.google.com/api-client-library/php",
            "keywords": [
                "google"
            ],
            "time": "2016-11-02T14:28:02+00:00"
        },
        {
            "name": "google/apiclient-services",
            "version": "v0.8",
            "source": {
                "type": "git",
                "url": "https://github.com/google/google-api-php-client-services.git",
                "reference": "26bcd71cb4fcf78020ec24052ddfb28550e01bc8"
            },
            "dist": {
                "type": "zip",
                "url": "https://api.github.com/repos/google/google-api-php-client-services/zipball/26bcd71cb4fcf78020ec24052ddfb28550e01bc8",
                "reference": "26bcd71cb4fcf78020ec24052ddfb28550e01bc8",
                "shasum": ""
            },
            "require": {
                "php": ">=5.4"
            },
            "type": "library",
            "autoload": {
                "psr-0": {
                    "Google_Service_": "src"
                }
            },
            "notification-url": "https://packagist.org/downloads/",
            "license": [
                "Apache-2.0"
            ],
            "description": "Client library for Google APIs",
            "homepage": "http://developers.google.com/api-client-library/php",
            "keywords": [
                "google"
            ],
            "time": "2016-10-18T01:01:16+00:00"
        },
        {
            "name": "google/auth",
            "version": "v0.11.1",
            "source": {
                "type": "git",
                "url": "https://github.com/google/google-auth-library-php.git",
                "reference": "a240674b08a09949fd5597f7590b3ed83663a12d"
            },
            "dist": {
                "type": "zip",
                "url": "https://api.github.com/repos/google/google-auth-library-php/zipball/a240674b08a09949fd5597f7590b3ed83663a12d",
                "reference": "a240674b08a09949fd5597f7590b3ed83663a12d",
                "shasum": ""
            },
            "require": {
                "firebase/php-jwt": "~2.0|~3.0|~4.0",
                "guzzlehttp/guzzle": "~5.3|~6.0",
                "guzzlehttp/psr7": "~1.2",
                "php": ">=5.4",
                "psr/cache": "^1.0",
                "psr/http-message": "^1.0"
            },
            "require-dev": {
                "friendsofphp/php-cs-fixer": "^1.11",
                "phpunit/phpunit": "3.7.*"
            },
            "type": "library",
            "autoload": {
                "classmap": [
                    "src/"
                ],
                "psr-4": {
                    "Google\\Auth\\": "src"
                }
            },
            "notification-url": "https://packagist.org/downloads/",
            "license": [
                "Apache-2.0"
            ],
            "description": "Google Auth Library for PHP",
            "homepage": "http://github.com/google/google-auth-library-php",
            "keywords": [
                "Authentication",
                "google",
                "oauth2"
            ],
            "time": "2016-11-02T14:59:14+00:00"
        },
        {
            "name": "guzzlehttp/guzzle",
            "version": "6.2.2",
            "source": {
                "type": "git",
                "url": "https://github.com/guzzle/guzzle.git",
                "reference": "ebf29dee597f02f09f4d5bbecc68230ea9b08f60"
            },
            "dist": {
                "type": "zip",
                "url": "https://api.github.com/repos/guzzle/guzzle/zipball/ebf29dee597f02f09f4d5bbecc68230ea9b08f60",
                "reference": "ebf29dee597f02f09f4d5bbecc68230ea9b08f60",
                "shasum": ""
            },
            "require": {
                "guzzlehttp/promises": "^1.0",
                "guzzlehttp/psr7": "^1.3.1",
                "php": ">=5.5"
            },
            "require-dev": {
                "ext-curl": "*",
                "phpunit/phpunit": "^4.0",
                "psr/log": "^1.0"
            },
            "type": "library",
            "extra": {
                "branch-alias": {
                    "dev-master": "6.2-dev"
                }
            },
            "autoload": {
                "files": [
                    "src/functions_include.php"
                ],
                "psr-4": {
                    "GuzzleHttp\\": "src/"
                }
            },
            "notification-url": "https://packagist.org/downloads/",
            "license": [
                "MIT"
            ],
            "authors": [
                {
                    "name": "Michael Dowling",
                    "email": "mtdowling@gmail.com",
                    "homepage": "https://github.com/mtdowling"
                }
            ],
            "description": "Guzzle is a PHP HTTP client library",
            "homepage": "http://guzzlephp.org/",
            "keywords": [
                "client",
                "curl",
                "framework",
                "http",
                "http client",
                "rest",
                "web service"
            ],
            "time": "2016-10-08T15:01:37+00:00"
        },
        {
            "name": "guzzlehttp/promises",
            "version": "1.3.0",
            "source": {
                "type": "git",
                "url": "https://github.com/guzzle/promises.git",
                "reference": "2693c101803ca78b27972d84081d027fca790a1e"
            },
            "dist": {
                "type": "zip",
                "url": "https://api.github.com/repos/guzzle/promises/zipball/2693c101803ca78b27972d84081d027fca790a1e",
                "reference": "2693c101803ca78b27972d84081d027fca790a1e",
                "shasum": ""
            },
            "require": {
                "php": ">=5.5.0"
            },
            "require-dev": {
                "phpunit/phpunit": "~4.0"
            },
            "type": "library",
            "extra": {
                "branch-alias": {
                    "dev-master": "1.0-dev"
                }
            },
            "autoload": {
                "psr-4": {
                    "GuzzleHttp\\Promise\\": "src/"
                },
                "files": [
                    "src/functions_include.php"
                ]
            },
            "notification-url": "https://packagist.org/downloads/",
            "license": [
                "MIT"
            ],
            "authors": [
                {
                    "name": "Michael Dowling",
                    "email": "mtdowling@gmail.com",
                    "homepage": "https://github.com/mtdowling"
                }
            ],
            "description": "Guzzle promises library",
            "keywords": [
                "promise"
            ],
            "time": "2016-11-18T17:47:58+00:00"
        },
        {
            "name": "guzzlehttp/psr7",
            "version": "1.3.1",
            "source": {
                "type": "git",
                "url": "https://github.com/guzzle/psr7.git",
                "reference": "5c6447c9df362e8f8093bda8f5d8873fe5c7f65b"
            },
            "dist": {
                "type": "zip",
                "url": "https://api.github.com/repos/guzzle/psr7/zipball/5c6447c9df362e8f8093bda8f5d8873fe5c7f65b",
                "reference": "5c6447c9df362e8f8093bda8f5d8873fe5c7f65b",
                "shasum": ""
            },
            "require": {
                "php": ">=5.4.0",
                "psr/http-message": "~1.0"
            },
            "provide": {
                "psr/http-message-implementation": "1.0"
            },
            "require-dev": {
                "phpunit/phpunit": "~4.0"
            },
            "type": "library",
            "extra": {
                "branch-alias": {
                    "dev-master": "1.4-dev"
                }
            },
            "autoload": {
                "psr-4": {
                    "GuzzleHttp\\Psr7\\": "src/"
                },
                "files": [
                    "src/functions_include.php"
                ]
            },
            "notification-url": "https://packagist.org/downloads/",
            "license": [
                "MIT"
            ],
            "authors": [
                {
                    "name": "Michael Dowling",
                    "email": "mtdowling@gmail.com",
                    "homepage": "https://github.com/mtdowling"
                }
            ],
            "description": "PSR-7 message implementation",
            "keywords": [
                "http",
                "message",
                "stream",
                "uri"
            ],
            "time": "2016-06-24T23:00:38+00:00"
        },
        {
            "name": "monolog/monolog",
            "version": "1.22.0",
            "source": {
                "type": "git",
                "url": "https://github.com/Seldaek/monolog.git",
                "reference": "bad29cb8d18ab0315e6c477751418a82c850d558"
            },
            "dist": {
                "type": "zip",
                "url": "https://api.github.com/repos/Seldaek/monolog/zipball/bad29cb8d18ab0315e6c477751418a82c850d558",
                "reference": "bad29cb8d18ab0315e6c477751418a82c850d558",
                "shasum": ""
            },
            "require": {
                "php": ">=5.3.0",
                "psr/log": "~1.0"
            },
            "provide": {
                "psr/log-implementation": "1.0.0"
            },
            "require-dev": {
                "aws/aws-sdk-php": "^2.4.9 || ^3.0",
                "doctrine/couchdb": "~1.0@dev",
                "graylog2/gelf-php": "~1.0",
                "jakub-onderka/php-parallel-lint": "0.9",
                "php-amqplib/php-amqplib": "~2.4",
                "php-console/php-console": "^3.1.3",
                "phpunit/phpunit": "~4.5",
                "phpunit/phpunit-mock-objects": "2.3.0",
                "ruflin/elastica": ">=0.90 <3.0",
                "sentry/sentry": "^0.13",
                "swiftmailer/swiftmailer": "~5.3"
            },
            "suggest": {
                "aws/aws-sdk-php": "Allow sending log messages to AWS services like DynamoDB",
                "doctrine/couchdb": "Allow sending log messages to a CouchDB server",
                "ext-amqp": "Allow sending log messages to an AMQP server (1.0+ required)",
                "ext-mongo": "Allow sending log messages to a MongoDB server",
                "graylog2/gelf-php": "Allow sending log messages to a GrayLog2 server",
                "mongodb/mongodb": "Allow sending log messages to a MongoDB server via PHP Driver",
                "php-amqplib/php-amqplib": "Allow sending log messages to an AMQP server using php-amqplib",
                "php-console/php-console": "Allow sending log messages to Google Chrome",
                "rollbar/rollbar": "Allow sending log messages to Rollbar",
                "ruflin/elastica": "Allow sending log messages to an Elastic Search server",
                "sentry/sentry": "Allow sending log messages to a Sentry server"
            },
            "type": "library",
            "extra": {
                "branch-alias": {
                    "dev-master": "2.0.x-dev"
                }
            },
            "autoload": {
                "psr-4": {
                    "Monolog\\": "src/Monolog"
                }
            },
            "notification-url": "https://packagist.org/downloads/",
            "license": [
                "MIT"
            ],
            "authors": [
                {
                    "name": "Jordi Boggiano",
                    "email": "j.boggiano@seld.be",
                    "homepage": "http://seld.be"
                }
            ],
            "description": "Sends your logs to files, sockets, inboxes, databases and various web services",
            "homepage": "http://github.com/Seldaek/monolog",
            "keywords": [
                "log",
                "logging",
                "psr-3"
            ],
            "time": "2016-11-26T00:15:39+00:00"
        },
        {
            "name": "mtdowling/jmespath.php",
            "version": "2.4.0",
            "source": {
                "type": "git",
                "url": "https://github.com/jmespath/jmespath.php.git",
                "reference": "adcc9531682cf87dfda21e1fd5d0e7a41d292fac"
            },
            "dist": {
                "type": "zip",
                "url": "https://api.github.com/repos/jmespath/jmespath.php/zipball/adcc9531682cf87dfda21e1fd5d0e7a41d292fac",
                "reference": "adcc9531682cf87dfda21e1fd5d0e7a41d292fac",
                "shasum": ""
            },
            "require": {
                "php": ">=5.4.0"
            },
            "require-dev": {
                "phpunit/phpunit": "~4.0"
            },
            "bin": [
                "bin/jp.php"
            ],
            "type": "library",
            "extra": {
                "branch-alias": {
                    "dev-master": "2.0-dev"
                }
            },
            "autoload": {
                "psr-4": {
                    "JmesPath\\": "src/"
                },
                "files": [
                    "src/JmesPath.php"
                ]
            },
            "notification-url": "https://packagist.org/downloads/",
            "license": [
                "MIT"
            ],
            "authors": [
                {
                    "name": "Michael Dowling",
                    "email": "mtdowling@gmail.com",
                    "homepage": "https://github.com/mtdowling"
                }
            ],
            "description": "Declaratively specify how to extract elements from a JSON document",
            "keywords": [
                "json",
                "jsonpath"
            ],
            "time": "2016-12-03T22:08:25+00:00"
        },
        {
            "name": "phpseclib/phpseclib",
            "version": "2.0.4",
            "source": {
                "type": "git",
                "url": "https://github.com/phpseclib/phpseclib.git",
                "reference": "ab8028c93c03cc8d9c824efa75dc94f1db2369bf"
            },
            "dist": {
                "type": "zip",
                "url": "https://api.github.com/repos/phpseclib/phpseclib/zipball/ab8028c93c03cc8d9c824efa75dc94f1db2369bf",
                "reference": "ab8028c93c03cc8d9c824efa75dc94f1db2369bf",
                "shasum": ""
            },
            "require": {
                "php": ">=5.3.3"
            },
            "require-dev": {
                "phing/phing": "~2.7",
                "phpunit/phpunit": "~4.0",
                "sami/sami": "~2.0",
                "squizlabs/php_codesniffer": "~2.0"
            },
            "suggest": {
                "ext-gmp": "Install the GMP (GNU Multiple Precision) extension in order to speed up arbitrary precision integer arithmetic operations.",
                "ext-libsodium": "SSH2/SFTP can make use of some algorithms provided by the libsodium-php extension.",
                "ext-mcrypt": "Install the Mcrypt extension in order to speed up a few other cryptographic operations.",
                "ext-openssl": "Install the OpenSSL extension in order to speed up a wide variety of cryptographic operations."
            },
            "type": "library",
            "autoload": {
                "files": [
                    "phpseclib/bootstrap.php"
                ],
                "psr-4": {
                    "phpseclib\\": "phpseclib/"
                }
            },
            "notification-url": "https://packagist.org/downloads/",
            "license": [
                "MIT"
            ],
            "authors": [
                {
                    "name": "Jim Wigginton",
                    "email": "terrafrost@php.net",
                    "role": "Lead Developer"
                },
                {
                    "name": "Patrick Monnerat",
                    "email": "pm@datasphere.ch",
                    "role": "Developer"
                },
                {
                    "name": "Andreas Fischer",
                    "email": "bantu@phpbb.com",
                    "role": "Developer"
                },
                {
                    "name": "Hans-Jürgen Petrich",
                    "email": "petrich@tronic-media.com",
                    "role": "Developer"
                },
                {
                    "name": "Graham Campbell",
                    "email": "graham@alt-three.com",
                    "role": "Developer"
                }
            ],
            "description": "PHP Secure Communications Library - Pure-PHP implementations of RSA, AES, SSH2, SFTP, X.509 etc.",
            "homepage": "http://phpseclib.sourceforge.net",
            "keywords": [
                "BigInteger",
                "aes",
                "asn.1",
                "asn1",
                "blowfish",
                "crypto",
                "cryptography",
                "encryption",
                "rsa",
                "security",
                "sftp",
                "signature",
                "signing",
                "ssh",
                "twofish",
                "x.509",
                "x509"
            ],
            "time": "2016-10-04T00:57:04+00:00"
        },
        {
            "name": "psr/cache",
            "version": "1.0.1",
            "source": {
                "type": "git",
                "url": "https://github.com/php-fig/cache.git",
                "reference": "d11b50ad223250cf17b86e38383413f5a6764bf8"
            },
            "dist": {
                "type": "zip",
                "url": "https://api.github.com/repos/php-fig/cache/zipball/d11b50ad223250cf17b86e38383413f5a6764bf8",
                "reference": "d11b50ad223250cf17b86e38383413f5a6764bf8",
                "shasum": ""
            },
            "require": {
                "php": ">=5.3.0"
            },
            "type": "library",
            "extra": {
                "branch-alias": {
                    "dev-master": "1.0.x-dev"
                }
            },
            "autoload": {
                "psr-4": {
                    "Psr\\Cache\\": "src/"
                }
            },
            "notification-url": "https://packagist.org/downloads/",
            "license": [
                "MIT"
            ],
            "authors": [
                {
                    "name": "PHP-FIG",
                    "homepage": "http://www.php-fig.org/"
                }
            ],
            "description": "Common interface for caching libraries",
            "keywords": [
                "cache",
                "psr",
                "psr-6"
            ],
            "time": "2016-08-06T20:24:11+00:00"
        },
        {
            "name": "psr/http-message",
            "version": "1.0.1",
            "source": {
                "type": "git",
                "url": "https://github.com/php-fig/http-message.git",
                "reference": "f6561bf28d520154e4b0ec72be95418abe6d9363"
            },
            "dist": {
                "type": "zip",
                "url": "https://api.github.com/repos/php-fig/http-message/zipball/f6561bf28d520154e4b0ec72be95418abe6d9363",
                "reference": "f6561bf28d520154e4b0ec72be95418abe6d9363",
                "shasum": ""
            },
            "require": {
                "php": ">=5.3.0"
            },
            "type": "library",
            "extra": {
                "branch-alias": {
                    "dev-master": "1.0.x-dev"
                }
            },
            "autoload": {
                "psr-4": {
                    "Psr\\Http\\Message\\": "src/"
                }
            },
            "notification-url": "https://packagist.org/downloads/",
            "license": [
                "MIT"
            ],
            "authors": [
                {
                    "name": "PHP-FIG",
                    "homepage": "http://www.php-fig.org/"
                }
            ],
            "description": "Common interface for HTTP messages",
            "homepage": "https://github.com/php-fig/http-message",
            "keywords": [
                "http",
                "http-message",
                "psr",
                "psr-7",
                "request",
                "response"
            ],
            "time": "2016-08-06T14:39:51+00:00"
        },
        {
            "name": "psr/log",
            "version": "1.0.2",
            "source": {
                "type": "git",
                "url": "https://github.com/php-fig/log.git",
                "reference": "4ebe3a8bf773a19edfe0a84b6585ba3d401b724d"
            },
            "dist": {
                "type": "zip",
                "url": "https://api.github.com/repos/php-fig/log/zipball/4ebe3a8bf773a19edfe0a84b6585ba3d401b724d",
                "reference": "4ebe3a8bf773a19edfe0a84b6585ba3d401b724d",
                "shasum": ""
            },
            "require": {
                "php": ">=5.3.0"
            },
            "type": "library",
            "extra": {
                "branch-alias": {
                    "dev-master": "1.0.x-dev"
                }
            },
            "autoload": {
                "psr-4": {
                    "Psr\\Log\\": "Psr/Log/"
                }
            },
            "notification-url": "https://packagist.org/downloads/",
            "license": [
                "MIT"
            ],
            "authors": [
                {
                    "name": "PHP-FIG",
                    "homepage": "http://www.php-fig.org/"
                }
            ],
            "description": "Common interface for logging libraries",
            "homepage": "https://github.com/php-fig/log",
            "keywords": [
                "log",
                "psr",
                "psr-3"
            ],
            "time": "2016-10-10T12:19:37+00:00"
        },
        {
            "name": "swiftmailer/swiftmailer",
            "version": "v5.4.5",
            "source": {
                "type": "git",
                "url": "https://github.com/swiftmailer/swiftmailer.git",
                "reference": "cd142238a339459b10da3d8234220963f392540c"
            },
            "dist": {
                "type": "zip",
                "url": "https://api.github.com/repos/swiftmailer/swiftmailer/zipball/cd142238a339459b10da3d8234220963f392540c",
                "reference": "cd142238a339459b10da3d8234220963f392540c",
                "shasum": ""
            },
            "require": {
                "php": ">=5.3.3"
            },
            "require-dev": {
                "mockery/mockery": "~0.9.1",
                "symfony/phpunit-bridge": "~3.2"
            },
            "type": "library",
            "extra": {
                "branch-alias": {
                    "dev-master": "5.4-dev"
                }
            },
            "autoload": {
                "files": [
                    "lib/swift_required.php"
                ]
            },
            "notification-url": "https://packagist.org/downloads/",
            "license": [
                "MIT"
            ],
            "authors": [
                {
                    "name": "Chris Corbyn"
                },
                {
                    "name": "Fabien Potencier",
                    "email": "fabien@symfony.com"
                }
            ],
            "description": "Swiftmailer, free feature-rich PHP mailer",
            "homepage": "http://swiftmailer.org",
            "keywords": [
                "email",
                "mail",
                "mailer"
            ],
            "time": "2016-12-29T10:02:40+00:00"
        },
        {
            "name": "symfony/config",
            "version": "v3.2.0",
            "source": {
                "type": "git",
                "url": "https://github.com/symfony/config.git",
                "reference": "4a68f8953180bf77ea65f585020f4db0b18600b4"
            },
            "dist": {
                "type": "zip",
                "url": "https://api.github.com/repos/symfony/config/zipball/4a68f8953180bf77ea65f585020f4db0b18600b4",
                "reference": "4a68f8953180bf77ea65f585020f4db0b18600b4",
                "shasum": ""
            },
            "require": {
                "php": ">=5.5.9",
                "symfony/filesystem": "~2.8|~3.0"
            },
            "require-dev": {
                "symfony/yaml": "~3.0"
            },
            "suggest": {
                "symfony/yaml": "To use the yaml reference dumper"
            },
            "type": "library",
            "extra": {
                "branch-alias": {
                    "dev-master": "3.2-dev"
                }
            },
            "autoload": {
                "psr-4": {
                    "Symfony\\Component\\Config\\": ""
                },
                "exclude-from-classmap": [
                    "/Tests/"
                ]
            },
            "notification-url": "https://packagist.org/downloads/",
            "license": [
                "MIT"
            ],
            "authors": [
                {
                    "name": "Fabien Potencier",
                    "email": "fabien@symfony.com"
                },
                {
                    "name": "Symfony Community",
                    "homepage": "https://symfony.com/contributors"
                }
            ],
            "description": "Symfony Config Component",
            "homepage": "https://symfony.com",
            "time": "2016-11-29T11:12:32+00:00"
        },
        {
            "name": "symfony/console",
            "version": "v3.2.0",
            "source": {
                "type": "git",
                "url": "https://github.com/symfony/console.git",
                "reference": "09d0fd33560e3573185a2ea17614e37ba38716c5"
            },
            "dist": {
                "type": "zip",
                "url": "https://api.github.com/repos/symfony/console/zipball/09d0fd33560e3573185a2ea17614e37ba38716c5",
                "reference": "09d0fd33560e3573185a2ea17614e37ba38716c5",
                "shasum": ""
            },
            "require": {
                "php": ">=5.5.9",
                "symfony/debug": "~2.8|~3.0",
                "symfony/polyfill-mbstring": "~1.0"
            },
            "require-dev": {
                "psr/log": "~1.0",
                "symfony/event-dispatcher": "~2.8|~3.0",
                "symfony/filesystem": "~2.8|~3.0",
                "symfony/process": "~2.8|~3.0"
            },
            "suggest": {
                "psr/log": "For using the console logger",
                "symfony/event-dispatcher": "",
                "symfony/filesystem": "",
                "symfony/process": ""
            },
            "type": "library",
            "extra": {
                "branch-alias": {
                    "dev-master": "3.2-dev"
                }
            },
            "autoload": {
                "psr-4": {
                    "Symfony\\Component\\Console\\": ""
                },
                "exclude-from-classmap": [
                    "/Tests/"
                ]
            },
            "notification-url": "https://packagist.org/downloads/",
            "license": [
                "MIT"
            ],
            "authors": [
                {
                    "name": "Fabien Potencier",
                    "email": "fabien@symfony.com"
                },
                {
                    "name": "Symfony Community",
                    "homepage": "https://symfony.com/contributors"
                }
            ],
            "description": "Symfony Console Component",
            "homepage": "https://symfony.com",
            "time": "2016-11-16T22:18:16+00:00"
        },
        {
            "name": "symfony/debug",
            "version": "v3.2.0",
            "source": {
                "type": "git",
                "url": "https://github.com/symfony/debug.git",
                "reference": "9f923e68d524a3095c5a2ae5fc7220c7cbc12231"
            },
            "dist": {
                "type": "zip",
                "url": "https://api.github.com/repos/symfony/debug/zipball/9f923e68d524a3095c5a2ae5fc7220c7cbc12231",
                "reference": "9f923e68d524a3095c5a2ae5fc7220c7cbc12231",
                "shasum": ""
            },
            "require": {
                "php": ">=5.5.9",
                "psr/log": "~1.0"
            },
            "conflict": {
                "symfony/http-kernel": ">=2.3,<2.3.24|~2.4.0|>=2.5,<2.5.9|>=2.6,<2.6.2"
            },
            "require-dev": {
                "symfony/class-loader": "~2.8|~3.0",
                "symfony/http-kernel": "~2.8|~3.0"
            },
            "type": "library",
            "extra": {
                "branch-alias": {
                    "dev-master": "3.2-dev"
                }
            },
            "autoload": {
                "psr-4": {
                    "Symfony\\Component\\Debug\\": ""
                },
                "exclude-from-classmap": [
                    "/Tests/"
                ]
            },
            "notification-url": "https://packagist.org/downloads/",
            "license": [
                "MIT"
            ],
            "authors": [
                {
                    "name": "Fabien Potencier",
                    "email": "fabien@symfony.com"
                },
                {
                    "name": "Symfony Community",
                    "homepage": "https://symfony.com/contributors"
                }
            ],
            "description": "Symfony Debug Component",
            "homepage": "https://symfony.com",
            "time": "2016-11-16T22:18:16+00:00"
        },
        {
            "name": "symfony/filesystem",
            "version": "v3.2.0",
            "source": {
                "type": "git",
                "url": "https://github.com/symfony/filesystem.git",
                "reference": "8d4cf7561a5b17e5eb7a02b80d0b8f014a3796d4"
            },
            "dist": {
                "type": "zip",
                "url": "https://api.github.com/repos/symfony/filesystem/zipball/8d4cf7561a5b17e5eb7a02b80d0b8f014a3796d4",
                "reference": "8d4cf7561a5b17e5eb7a02b80d0b8f014a3796d4",
                "shasum": ""
            },
            "require": {
                "php": ">=5.5.9"
            },
            "type": "library",
            "extra": {
                "branch-alias": {
                    "dev-master": "3.2-dev"
                }
            },
            "autoload": {
                "psr-4": {
                    "Symfony\\Component\\Filesystem\\": ""
                },
                "exclude-from-classmap": [
                    "/Tests/"
                ]
            },
            "notification-url": "https://packagist.org/downloads/",
            "license": [
                "MIT"
            ],
            "authors": [
                {
                    "name": "Fabien Potencier",
                    "email": "fabien@symfony.com"
                },
                {
                    "name": "Symfony Community",
                    "homepage": "https://symfony.com/contributors"
                }
            ],
            "description": "Symfony Filesystem Component",
            "homepage": "https://symfony.com",
            "time": "2016-11-24T00:46:43+00:00"
        },
        {
            "name": "symfony/polyfill-mbstring",
            "version": "v1.3.0",
            "source": {
                "type": "git",
                "url": "https://github.com/symfony/polyfill-mbstring.git",
                "reference": "e79d363049d1c2128f133a2667e4f4190904f7f4"
            },
            "dist": {
                "type": "zip",
                "url": "https://api.github.com/repos/symfony/polyfill-mbstring/zipball/e79d363049d1c2128f133a2667e4f4190904f7f4",
                "reference": "e79d363049d1c2128f133a2667e4f4190904f7f4",
                "shasum": ""
            },
            "require": {
                "php": ">=5.3.3"
            },
            "suggest": {
                "ext-mbstring": "For best performance"
            },
            "type": "library",
            "extra": {
                "branch-alias": {
                    "dev-master": "1.3-dev"
                }
            },
            "autoload": {
                "psr-4": {
                    "Symfony\\Polyfill\\Mbstring\\": ""
                },
                "files": [
                    "bootstrap.php"
                ]
            },
            "notification-url": "https://packagist.org/downloads/",
            "license": [
                "MIT"
            ],
            "authors": [
                {
                    "name": "Nicolas Grekas",
                    "email": "p@tchwork.com"
                },
                {
                    "name": "Symfony Community",
                    "homepage": "https://symfony.com/contributors"
                }
            ],
            "description": "Symfony polyfill for the Mbstring extension",
            "homepage": "https://symfony.com",
            "keywords": [
                "compatibility",
                "mbstring",
                "polyfill",
                "portable",
                "shim"
            ],
            "time": "2016-11-14T01:06:16+00:00"
        },
        {
            "name": "symfony/yaml",
            "version": "v3.2.0",
            "source": {
                "type": "git",
                "url": "https://github.com/symfony/yaml.git",
                "reference": "f2300ba8fbb002c028710b92e1906e7457410693"
            },
            "dist": {
                "type": "zip",
                "url": "https://api.github.com/repos/symfony/yaml/zipball/f2300ba8fbb002c028710b92e1906e7457410693",
                "reference": "f2300ba8fbb002c028710b92e1906e7457410693",
                "shasum": ""
            },
            "require": {
                "php": ">=5.5.9"
            },
            "require-dev": {
                "symfony/console": "~2.8|~3.0"
            },
            "suggest": {
                "symfony/console": "For validating YAML files using the lint command"
            },
            "type": "library",
            "extra": {
                "branch-alias": {
                    "dev-master": "3.2-dev"
                }
            },
            "autoload": {
                "psr-4": {
                    "Symfony\\Component\\Yaml\\": ""
                },
                "exclude-from-classmap": [
                    "/Tests/"
                ]
            },
            "notification-url": "https://packagist.org/downloads/",
            "license": [
                "MIT"
            ],
            "authors": [
                {
                    "name": "Fabien Potencier",
                    "email": "fabien@symfony.com"
                },
                {
                    "name": "Symfony Community",
                    "homepage": "https://symfony.com/contributors"
                }
            ],
            "description": "Symfony Yaml Component",
            "homepage": "https://symfony.com",
            "time": "2016-11-18T21:17:59+00:00"
        }
    ],
    "packages-dev": [],
    "aliases": [],
    "minimum-stability": "stable",
    "stability-flags": [],
    "prefer-stable": false,
    "prefer-lowest": false,
    "platform": [],
    "platform-dev": []
}
